
Microsoft Visual Studio Solution File, Format Version 12.00
# Visual Studio Version 17
VisualStudioVersion = 17.9.34701.34
MinimumVisualStudioVersion = 10.0.40219.1
Project("{FAE04EC0-301F-11D3-BF4B-00C04F79EFBC}") = "prjMVC", "prjMCV\prjMVC.csproj", "{3517991B-7449-48A9-BEF6-640E5CB455CF}"
EndProject
Global
	GlobalSection(SolutionConfigurationPlatforms) = preSolution
		Debug|Any CPU = Debug|Any CPU
		Release|Any CPU = Release|Any CPU
	EndGlobalSection
	GlobalSection(ProjectConfigurationPlatforms) = postSolution
		{3517991B-7449-48A9-BEF6-640E5CB455CF}.Debug|Any CPU.ActiveCfg = Debug|Any CPU
		{3517991B-7449-48A9-BEF6-640E5CB455CF}.Debug|Any CPU.Build.0 = Debug|Any CPU
		{3517991B-7449-48A9-BEF6-640E5CB455CF}.Release|Any CPU.ActiveCfg = Release|Any CPU
		{3517991B-7449-48A9-BEF6-640E5CB455CF}.Release|Any CPU.Build.0 = Release|Any CPU
	EndGlobalSection
	GlobalSection(SolutionProperties) = preSolution
		HideSolutionNode = FALSE
	EndGlobalSection
	GlobalSection(ExtensibilityGlobals) = postSolution
		SolutionGuid = {BA197763-EA14-4412-85EA-49C8B63BC41C}
	EndGlobalSection
EndGlobal
